// !$*UTF8*$!
{
	archiveVersion = 1;
	classes = {
	};
	objectVersion = 46;
	objects = {

/* Begin PBXBuildFile section */
		ED4612921A77ADC600892F70 /* main.m in Sources */ = {isa = PBXBuildFile; fileRef = ED4612911A77ADC600892F70 /* main.m */; };
		ED4612951A77ADC600892F70 /* AppDelegate.m in Sources */ = {isa = PBXBuildFile; fileRef = ED4612941A77ADC600892F70 /* AppDelegate.m */; };
		ED4612971A77ADC600892F70 /* Images.xcassets in Resources */ = {isa = PBXBuildFile; fileRef = ED4612961A77ADC600892F70 /* Images.xcassets */; };
		ED46129A1A77ADC600892F70 /* LaunchScreen.xib in Resources */ = {isa = PBXBuildFile; fileRef = ED4612981A77ADC600892F70 /* LaunchScreen.xib */; };
		ED4612A61A77ADC600892F70 /* HomepwnerTests.m in Sources */ = {isa = PBXBuildFile; fileRef = ED4612A51A77ADC600892F70 /* HomepwnerTests.m */; };
		ED4612B11A77AE8C00892F70 /* ItemsViewController.m in Sources */ = {isa = PBXBuildFile; fileRef = ED4612B01A77AE8C00892F70 /* ItemsViewController.m */; };
		ED4612B71A77B0B600892F70 /* ItemStore.m in Sources */ = {isa = PBXBuildFile; fileRef = ED4612B61A77B0B600892F70 /* ItemStore.m */; };
		ED4612BA1A77BAB700892F70 /* BNRItem.m in Sources */ = {isa = PBXBuildFile; fileRef = ED4612B91A77BAB700892F70 /* BNRItem.m */; };
		ED5FC62B1A78F59D00BC562D /* DetailViewController.m in Sources */ = {isa = PBXBuildFile; fileRef = ED5FC6291A78F59D00BC562D /* DetailViewController.m */; };
		ED5FC62C1A78F59D00BC562D /* DetailViewController.xib in Resources */ = {isa = PBXBuildFile; fileRef = ED5FC62A1A78F59D00BC562D /* DetailViewController.xib */; };
		ED9A03E91A7C224100596214 /* button_delete_01.png in Resources */ = {isa = PBXBuildFile; fileRef = ED9A03E81A7C224100596214 /* button_delete_01.png */; };
		EDA931501A7963830036B07A /* DatePickerViewController.m in Sources */ = {isa = PBXBuildFile; fileRef = EDA9314E1A7963830036B07A /* DatePickerViewController.m */; };
		EDA931511A7963830036B07A /* DatePickerViewController.xib in Resources */ = {isa = PBXBuildFile; fileRef = EDA9314F1A7963830036B07A /* DatePickerViewController.xib */; };
		EDA931DC1A7BF64A0036B07A /* ImageStore.swift in Sources */ = {isa = PBXBuildFile; fileRef = EDA931DB1A7BF64A0036B07A /* ImageStore.swift */; };
/* End PBXBuildFile section */

/* Begin PBXContainerItemProxy section */
		ED4612A01A77ADC600892F70 /* PBXContainerItemProxy */ = {
			isa = PBXContainerItemProxy;
			containerPortal = ED4612841A77ADC600892F70 /* Project object */;
			proxyType = 1;
			remoteGlobalIDString = ED46128B1A77ADC600892F70;
			remoteInfo = Homepwner;
		};
/* End PBXContainerItemProxy section */

/* Begin PBXFileReference section */
		ED46128C1A77ADC600892F70 /* Homepwner.app */ = {isa = PBXFileReference; explicitFileType = wrapper.application; includeInIndex = 0; path = Homepwner.app; sourceTree = BUILT_PRODUCTS_DIR; };
		ED4612901A77ADC600892F70 /* Info.plist */ = {isa = PBXFileReference; lastKnownFileType = text.plist.xml; path = Info.plist; sourceTree = "<group>"; };
		ED4612911A77ADC600892F70 /* main.m */ = {isa = PBXFileReference; lastKnownFileType = sourcecode.c.objc; path = main.m; sourceTree = "<group>"; };
		ED4612931A77ADC600892F70 /* AppDelegate.h */ = {isa = PBXFileReference; lastKnownFileType = sourcecode.c.h; path = AppDelegate.h; sourceTree = "<group>"; };
		ED4612941A77ADC600892F70 /* AppDelegate.m */ = {isa = PBXFileReference; lastKnownFileType = sourcecode.c.objc; path = AppDelegate.m; sourceTree = "<group>"; };
		ED4612961A77ADC600892F70 /* Images.xcassets */ = {isa = PBXFileReference; lastKnownFileType = folder.assetcatalog; path = Images.xcassets; sourceTree = "<group>"; };
		ED4612991A77ADC600892F70 /* Base */ = {isa = PBXFileReference; lastKnownFileType = file.xib; name = Base; path = Base.lproj/LaunchScreen.xib; sourceTree = "<group>"; };
		ED46129F1A77ADC600892F70 /* HomepwnerTests.xctest */ = {isa = PBXFileReference; explicitFileType = wrapper.cfbundle; includeInIndex = 0; path = HomepwnerTests.xctest; sourceTree = BUILT_PRODUCTS_DIR; };
		ED4612A41A77ADC600892F70 /* Info.plist */ = {isa = PBXFileReference; lastKnownFileType = text.plist.xml; path = Info.plist; sourceTree = "<group>"; };
		ED4612A51A77ADC600892F70 /* HomepwnerTests.m */ = {isa = PBXFileReference; lastKnownFileType = sourcecode.c.objc; path = HomepwnerTests.m; sourceTree = "<group>"; };
		ED4612AF1A77AE8C00892F70 /* ItemsViewController.h */ = {isa = PBXFileReference; fileEncoding = 4; lastKnownFileType = sourcecode.c.h; name = ItemsViewController.h; path = ../ItemsViewController.h; sourceTree = "<group>"; };
		ED4612B01A77AE8C00892F70 /* ItemsViewController.m */ = {isa = PBXFileReference; fileEncoding = 4; lastKnownFileType = sourcecode.c.objc; name = ItemsViewController.m; path = ../ItemsViewController.m; sourceTree = "<group>"; };
		ED4612B51A77B08C00892F70 /* ItemStore.h */ = {isa = PBXFileReference; lastKnownFileType = sourcecode.c.h; path = ItemStore.h; sourceTree = "<group>"; };
		ED4612B61A77B0B600892F70 /* ItemStore.m */ = {isa = PBXFileReference; fileEncoding = 4; lastKnownFileType = sourcecode.c.objc; path = ItemStore.m; sourceTree = "<group>"; };
		ED4612B81A77BAB700892F70 /* BNRItem.h */ = {isa = PBXFileReference; fileEncoding = 4; lastKnownFileType = sourcecode.c.h; path = BNRItem.h; sourceTree = "<group>"; };
		ED4612B91A77BAB700892F70 /* BNRItem.m */ = {isa = PBXFileReference; fileEncoding = 4; lastKnownFileType = sourcecode.c.objc; path = BNRItem.m; sourceTree = "<group>"; };
		ED5FC6281A78F59D00BC562D /* DetailViewController.h */ = {isa = PBXFileReference; fileEncoding = 4; lastKnownFileType = sourcecode.c.h; path = DetailViewController.h; sourceTree = "<group>"; };
		ED5FC6291A78F59D00BC562D /* DetailViewController.m */ = {isa = PBXFileReference; fileEncoding = 4; lastKnownFileType = sourcecode.c.objc; path = DetailViewController.m; sourceTree = "<group>"; };
		ED5FC62A1A78F59D00BC562D /* DetailViewController.xib */ = {isa = PBXFileReference; fileEncoding = 4; lastKnownFileType = file.xib; path = DetailViewController.xib; sourceTree = "<group>"; };
		ED9A03E81A7C224100596214 /* button_delete_01.png */ = {isa = PBXFileReference; lastKnownFileType = image.png; path = button_delete_01.png; sourceTree = "<group>"; };
		EDA9314D1A7963830036B07A /* DatePickerViewController.h */ = {isa = PBXFileReference; fileEncoding = 4; lastKnownFileType = sourcecode.c.h; path = DatePickerViewController.h; sourceTree = "<group>"; };
		EDA9314E1A7963830036B07A /* DatePickerViewController.m */ = {isa = PBXFileReference; fileEncoding = 4; lastKnownFileType = sourcecode.c.objc; path = DatePickerViewController.m; sourceTree = "<group>"; };
		EDA9314F1A7963830036B07A /* DatePickerViewController.xib */ = {isa = PBXFileReference; fileEncoding = 4; lastKnownFileType = file.xib; path = DatePickerViewController.xib; sourceTree = "<group>"; };
		EDA931DA1A7BF6490036B07A /* Homepwner-Bridging-Header.h */ = {isa = PBXFileReference; lastKnownFileType = sourcecode.c.h; path = "Homepwner-Bridging-Header.h"; sourceTree = "<group>"; };
		EDA931DB1A7BF64A0036B07A /* ImageStore.swift */ = {isa = PBXFileReference; fileEncoding = 4; lastKnownFileType = sourcecode.swift; path = ImageStore.swift; sourceTree = "<group>"; };
/* End PBXFileReference section */

/* Begin PBXFrameworksBuildPhase section */
		ED4612891A77ADC600892F70 /* Frameworks */ = {
			isa = PBXFrameworksBuildPhase;
			buildActionMask = 2147483647;
			files = (
			);
			runOnlyForDeploymentPostprocessing = 0;
		};
		ED46129C1A77ADC600892F70 /* Frameworks */ = {
			isa = PBXFrameworksBuildPhase;
			buildActionMask = 2147483647;
			files = (
			);
			runOnlyForDeploymentPostprocessing = 0;
		};
/* End PBXFrameworksBuildPhase section */

/* Begin PBXGroup section */
		ED4612831A77ADC600892F70 = {
			isa = PBXGroup;
			children = (
				ED46128E1A77ADC600892F70 /* Homepwner */,
				ED4612A21A77ADC600892F70 /* HomepwnerTests */,
				ED46128D1A77ADC600892F70 /* Products */,
			);
			sourceTree = "<group>";
		};
		ED46128D1A77ADC600892F70 /* Products */ = {
			isa = PBXGroup;
			children = (
				ED46128C1A77ADC600892F70 /* Homepwner.app */,
				ED46129F1A77ADC600892F70 /* HomepwnerTests.xctest */,
			);
			name = Products;
			sourceTree = "<group>";
		};
		ED46128E1A77ADC600892F70 /* Homepwner */ = {
			isa = PBXGroup;
			children = (
				ED9A03E81A7C224100596214 /* button_delete_01.png */,
				ED5FC6281A78F59D00BC562D /* DetailViewController.h */,
				ED5FC6291A78F59D00BC562D /* DetailViewController.m */,
				EDA931DB1A7BF64A0036B07A /* ImageStore.swift */,
				ED5FC62A1A78F59D00BC562D /* DetailViewController.xib */,
				EDA9314D1A7963830036B07A /* DatePickerViewController.h */,
				EDA9314E1A7963830036B07A /* DatePickerViewController.m */,
				EDA9314F1A7963830036B07A /* DatePickerViewController.xib */,
				ED4612B81A77BAB700892F70 /* BNRItem.h */,
				ED4612B91A77BAB700892F70 /* BNRItem.m */,
				ED4612B51A77B08C00892F70 /* ItemStore.h */,
				ED4612B61A77B0B600892F70 /* ItemStore.m */,
				ED4612AF1A77AE8C00892F70 /* ItemsViewController.h */,
				ED4612B01A77AE8C00892F70 /* ItemsViewController.m */,
				ED4612931A77ADC600892F70 /* AppDelegate.h */,
				ED4612941A77ADC600892F70 /* AppDelegate.m */,
				ED4612961A77ADC600892F70 /* Images.xcassets */,
				ED4612981A77ADC600892F70 /* LaunchScreen.xib */,
				ED46128F1A77ADC600892F70 /* Supporting Files */,
				EDA931DA1A7BF6490036B07A /* Homepwner-Bridging-Header.h */,
			);
			path = Homepwner;
			sourceTree = "<group>";
		};
		ED46128F1A77ADC600892F70 /* Supporting Files */ = {
			isa = PBXGroup;
			children = (
				ED4612901A77ADC600892F70 /* Info.plist */,
				ED4612911A77ADC600892F70 /* main.m */,
			);
			name = "Supporting Files";
			sourceTree = "<group>";
		};
		ED4612A21A77ADC600892F70 /* HomepwnerTests */ = {
			isa = PBXGroup;
			children = (
				ED4612A51A77ADC600892F70 /* HomepwnerTests.m */,
				ED4612A31A77ADC600892F70 /* Supporting Files */,
			);
			path = HomepwnerTests;
			sourceTree = "<group>";
		};
		ED4612A31A77ADC600892F70 /* Supporting Files */ = {
			isa = PBXGroup;
			children = (
				ED4612A41A77ADC600892F70 /* Info.plist */,
			);
			name = "Supporting Files";
			sourceTree = "<group>";
		};
/* End PBXGroup section */

/* Begin PBXNativeTarget section */
		ED46128B1A77ADC600892F70 /* Homepwner */ = {
			isa = PBXNativeTarget;
			buildConfigurationList = ED4612A91A77ADC600892F70 /* Build configuration list for PBXNativeTarget "Homepwner" */;
			buildPhases = (
				ED4612881A77ADC600892F70 /* Sources */,
				ED4612891A77ADC600892F70 /* Frameworks */,
				ED46128A1A77ADC600892F70 /* Resources */,
			);
			buildRules = (
			);
			dependencies = (
			);
			name = Homepwner;
			productName = Homepwner;
			productReference = ED46128C1A77ADC600892F70 /* Homepwner.app */;
			productType = "com.apple.product-type.application";
		};
		ED46129E1A77ADC600892F70 /* HomepwnerTests */ = {
			isa = PBXNativeTarget;
			buildConfigurationList = ED4612AC1A77ADC600892F70 /* Build configuration list for PBXNativeTarget "HomepwnerTests" */;
			buildPhases = (
				ED46129B1A77ADC600892F70 /* Sources */,
				ED46129C1A77ADC600892F70 /* Frameworks */,
				ED46129D1A77ADC600892F70 /* Resources */,
			);
			buildRules = (
			);
			dependencies = (
				ED4612A11A77ADC600892F70 /* PBXTargetDependency */,
			);
			name = HomepwnerTests;
			productName = HomepwnerTests;
			productReference = ED46129F1A77ADC600892F70 /* HomepwnerTests.xctest */;
			productType = "com.apple.product-type.bundle.unit-test";
		};
/* End PBXNativeTarget section */

/* Begin PBXProject section */
		ED4612841A77ADC600892F70 /* Project object */ = {
			isa = PBXProject;
			attributes = {
				LastUpgradeCheck = 0610;
				ORGANIZATIONNAME = UFPE;
				TargetAttributes = {
					ED46128B1A77ADC600892F70 = {
						CreatedOnToolsVersion = 6.1.1;
					};
					ED46129E1A77ADC600892F70 = {
						CreatedOnToolsVersion = 6.1.1;
						TestTargetID = ED46128B1A77ADC600892F70;
					};
				};
			};
			buildConfigurationList = ED4612871A77ADC600892F70 /* Build configuration list for PBXProject "Homepwner" */;
			compatibilityVersion = "Xcode 3.2";
			developmentRegion = English;
			hasScannedForEncodings = 0;
			knownRegions = (
				en,
				Base,
			);
			mainGroup = ED4612831A77ADC600892F70;
			productRefGroup = ED46128D1A77ADC600892F70 /* Products */;
			projectDirPath = "";
			projectRoot = "";
			targets = (
				ED46128B1A77ADC600892F70 /* Homepwner */,
				ED46129E1A77ADC600892F70 /* HomepwnerTests */,
			);
		};
/* End PBXProject section */

/* Begin PBXResourcesBuildPhase section */
		ED46128A1A77ADC600892F70 /* Resources */ = {
			isa = PBXResourcesBuildPhase;
			buildActionMask = 2147483647;
			files = (
				ED46129A1A77ADC600892F70 /* LaunchScreen.xib in Resources */,
				EDA931511A7963830036B07A /* DatePickerViewController.xib in Resources */,
				ED9A03E91A7C224100596214 /* button_delete_01.png in Resources */,
				ED4612971A77ADC600892F70 /* Images.xcassets in Resources */,
				ED5FC62C1A78F59D00BC562D /* DetailViewController.xib in Resources */,
			);
			runOnlyForDeploymentPostprocessing = 0;
		};
		ED46129D1A77ADC600892F70 /* Resources */ = {
			isa = PBXResourcesBuildPhase;
			buildActionMask = 2147483647;
			files = (
			);
			runOnlyForDeploymentPostprocessing = 0;
		};
/* End PBXResourcesBuildPhase section */

/* Begin PBXSourcesBuildPhase section */
		ED4612881A77ADC600892F70 /* Sources */ = {
			isa = PBXSourcesBuildPhase;
			buildActionMask = 2147483647;
			files = (
				ED4612B11A77AE8C00892F70 /* ItemsViewController.m in Sources */,
				EDA931501A7963830036B07A /* DatePickerViewController.m in Sources */,
				ED4612BA1A77BAB700892F70 /* BNRItem.m in Sources */,
				EDA931DC1A7BF64A0036B07A /* ImageStore.swift in Sources */,
				ED4612951A77ADC600892F70 /* AppDelegate.m in Sources */,
				ED4612921A77ADC600892F70 /* main.m in Sources */,
				ED4612B71A77B0B600892F70 /* ItemStore.m in Sources */,
				ED5FC62B1A78F59D00BC562D /* DetailViewController.m in Sources */,
			);
			runOnlyForDeploymentPostprocessing = 0;
		};
		ED46129B1A77ADC600892F70 /* Sources */ = {
			isa = PBXSourcesBuildPhase;
			buildActionMask = 2147483647;
			files = (
				ED4612A61A77ADC600892F70 /* HomepwnerTests.m in Sources */,
			);
			runOnlyForDeploymentPostprocessing = 0;
		};
/* End PBXSourcesBuildPhase section */

/* Begin PBXTargetDependency section */
		ED4612A11A77ADC600892F70 /* PBXTargetDependency */ = {
			isa = PBXTargetDependency;
			target = ED46128B1A77ADC600892F70 /* Homepwner */;
			targetProxy = ED4612A01A77ADC600892F70 /* PBXContainerItemProxy */;
		};
/* End PBXTargetDependency section */

/* Begin PBXVariantGroup section */
		ED4612981A77ADC600892F70 /* LaunchScreen.xib */ = {
			isa = PBXVariantGroup;
			children = (
				ED4612991A77ADC600892F70 /* Base */,
			);
			name = LaunchScreen.xib;
			sourceTree = "<group>";
		};
/* End PBXVariantGroup section */

/* Begin XCBuildConfiguration section */
		ED4612A71A77ADC600892F70 /* Debug */ = {
			isa = XCBuildConfiguration;
			buildSettings = {
				ALWAYS_SEARCH_USER_PATHS = NO;
				CLANG_CXX_LANGUAGE_STANDARD = "gnu++0x";
				CLANG_CXX_LIBRARY = "libc++";
				CLANG_ENABLE_MODULES = YES;
				CLANG_ENABLE_OBJC_ARC = YES;
				CLANG_WARN_BOOL_CONVERSION = YES;
				CLANG_WARN_CONSTANT_CONVERSION = YES;
				CLANG_WARN_DIRECT_OBJC_ISA_USAGE = YES_ERROR;
				CLANG_WARN_EMPTY_BODY = YES;
				CLANG_WARN_ENUM_CONVERSION = YES;
				CLANG_WARN_INT_CONVERSION = YES;
				CLANG_WARN_OBJC_ROOT_CLASS = YES_ERROR;
				CLANG_WARN_UNREACHABLE_CODE = YES;
				CLANG_WARN__DUPLICATE_METHOD_MATCH = YES;
				"CODE_SIGN_IDENTITY[sdk=iphoneos*]" = "iPhone Developer";
				COPY_PHASE_STRIP = NO;
				ENABLE_STRICT_OBJC_MSGSEND = YES;
				GCC_C_LANGUAGE_STANDARD = gnu99;
				GCC_DYNAMIC_NO_PIC = NO;
				GCC_OPTIMIZATION_LEVEL = 0;
				GCC_PREPROCESSOR_DEFINITIONS = (
					"DEBUG=1",
					"$(inherited)",
				);
				GCC_SYMBOLS_PRIVATE_EXTERN = NO;
				GCC_WARN_64_TO_32_BIT_CONVERSION = YES;
				GCC_WARN_ABOUT_RETURN_TYPE = YES_ERROR;
				GCC_WARN_UNDECLARED_SELECTOR = YES;
				GCC_WARN_UNINITIALIZED_AUTOS = YES_AGGRESSIVE;
				GCC_WARN_UNUSED_FUNCTION = YES;
				GCC_WARN_UNUSED_VARIABLE = YES;
				IPHONEOS_DEPLOYMENT_TARGET = 8.1;
				MTL_ENABLE_DEBUG_INFO = YES;
				ONLY_ACTIVE_ARCH = YES;
				SDKROOT = iphoneos;
			};
			name = Debug;
		};
		ED4612A81A77ADC600892F70 /* Release */ = {
			isa = XCBuildConfiguration;
			buildSettings = {
				ALWAYS_SEARCH_USER_PATHS = NO;
				CLANG_CXX_LANGUAGE_STANDARD = "gnu++0x";
				CLANG_CXX_LIBRARY = "libc++";
				CLANG_ENABLE_MODULES = YES;
				CLANG_ENABLE_OBJC_ARC = YES;
				CLANG_WARN_BOOL_CONVERSION = YES;
				CLANG_WARN_CONSTANT_CONVERSION = YES;
				CLANG_WARN_DIRECT_OBJC_ISA_USAGE = YES_ERROR;
				CLANG_WARN_EMPTY_BODY = YES;
				CLANG_WARN_ENUM_CONVERSION = YES;
				CLANG_WARN_INT_CONVERSION = YES;
				CLANG_WARN_OBJC_ROOT_CLASS = YES_ERROR;
				CLANG_WARN_UNREACHABLE_CODE = YES;
				CLANG_WARN__DUPLICATE_METHOD_MATCH = YES;
				"CODE_SIGN_IDENTITY[sdk=iphoneos*]" = "iPhone Developer";
				COPY_PHASE_STRIP = YES;
				ENABLE_NS_ASSERTIONS = NO;
				ENABLE_STRICT_OBJC_MSGSEND = YES;
				GCC_C_LANGUAGE_STANDARD = gnu99;
				GCC_WARN_64_TO_32_BIT_CONVERSION = YES;
				GCC_WARN_ABOUT_RETURN_TYPE = YES_ERROR;
				GCC_WARN_UNDECLARED_SELECTOR = YES;
				GCC_WARN_UNINITIALIZED_AUTOS = YES_AGGRESSIVE;
				GCC_WARN_UNUSED_FUNCTION = YES;
				GCC_WARN_UNUSED_VARIABLE = YES;
				IPHONEOS_DEPLOYMENT_TARGET = 8.1;
				MTL_ENABLE_DEBUG_INFO = NO;
				SDKROOT = iphoneos;
				VALIDATE_PRODUCT = YES;
			};
			name = Release;
		};
		ED4612AA1A77ADC600892F70 /* Debug */ = {
			isa = XCBuildConfiguration;
			buildSettings = {
				ASSETCATALOG_COMPILER_APPICON_NAME = AppIcon;
				CLANG_ENABLE_MODULES = YES;
				DEFINES_MODULE = YES;
				INFOPLIST_FILE = Homepwner/Info.plist;
				LD_RUNPATH_SEARCH_PATHS = "$(inherited) @executable_path/Frameworks";
				PRODUCT_NAME = "$(TARGET_NAME)";
				SWIFT_OBJC_BRIDGING_HEADER = "Homepwner/Homepwner-Bridging-Header.h";
				SWIFT_OPTIMIZATION_LEVEL = "-Onone";
				TARGETED_DEVICE_FAMILY = "1,2";
			};
			name = Debug;
		};
		ED4612AB1A77ADC600892F70 /* Release */ = {
			isa = XCBuildConfiguration;
			buildSettings = {
				ASSETCATALOG_COMPILER_APPICON_NAME = AppIcon;
				CLANG_ENABLE_MODULES = YES;
				DEFINES_MODULE = YES;
				INFOPLIST_FILE = Homepwner/Info.plist;
				LD_RUNPATH_SEARCH_PATHS = "$(inherited) @executable_path/Frameworks";
				PRODUCT_NAME = "$(TARGET_NAME)";
				SWIFT_OBJC_BRIDGING_HEADER = "Homepwner/Homepwner-Bridging-Header.h";
				TARGETED_DEVICE_FAMILY = "1,2";
			};
			name = Release;
		};
		ED4612AD1A77ADC600892F70 /* Debug */ = {
			isa = XCBuildConfiguration;
			buildSettings = {
				BUNDLE_LOADER = "$(TEST_HOST)";
				FRAMEWORK_SEARCH_PATHS = (
					"$(SDKROOT)/Developer/Library/Frameworks",
					"$(inherited)",
				);
				GCC_PREPROCESSOR_DEFINITIONS = (
					"DEBUG=1",
					"$(inherited)",
				);
				INFOPLIST_FILE = HomepwnerTests/Info.plist;
				LD_RUNPATH_SEARCH_PATHS = "$(inherited) @executable_path/Frameworks @loader_path/Frameworks";
				PRODUCT_NAME = "$(TARGET_NAME)";
				TEST_HOST = "$(BUILT_PRODUCTS_DIR)/Homepwner.app/Homepwner";
			};
			name = Debug;
		};
		ED4612AE1A77ADC600892F70 /* Release */ = {
			isa = XCBuildConfiguration;
			buildSettings = {
				BUNDLE_LOADER = "$(TEST_HOST)";
				FRAMEWORK_SEARCH_PATHS = (
					"$(SDKROOT)/Developer/Library/Frameworks",
					"$(inherited)",
				);
				INFOPLIST_FILE = HomepwnerTests/Info.plist;
				LD_RUNPATH_SEARCH_PATHS = "$(inherited) @executable_path/Frameworks @loader_path/Frameworks";
				PRODUCT_NAME = "$(TARGET_NAME)";
				TEST_HOST = "$(BUILT_PRODUCTS_DIR)/Homepwner.app/Homepwner";
			};
			name = Release;
		};
/* End XCBuildConfiguration section */

/* Begin XCConfigurationList section */
		ED4612871A77ADC600892F70 /* Build configuration list for PBXProject "Homepwner" */ = {
			isa = XCConfigurationList;
			buildConfigurations = (
				ED4612A71A77ADC600892F70 /* Debug */,
				ED4612A81A77ADC600892F70 /* Release */,
			);
			defaultConfigurationIsVisible = 0;
			defaultConfigurationName = Release;
		};
		ED4612A91A77ADC600892F70 /* Build configuration list for PBXNativeTarget "Homepwner" */ = {
			isa = XCConfigurationList;
			buildConfigurations = (
				ED4612AA1A77ADC600892F70 /* Debug */,
				ED4612AB1A77ADC600892F70 /* Release */,
			);
			defaultConfigurationIsVisible = 0;
			defaultConfigurationName = Release;
		};
		ED4612AC1A77ADC600892F70 /* Build configuration list for PBXNativeTarget "HomepwnerTests" */ = {
			isa = XCConfigurationList;
			buildConfigurations = (
				ED4612AD1A77ADC600892F70 /* Debug */,
				ED4612AE1A77ADC600892F70 /* Release */,
			);
			defaultConfigurationIsVisible = 0;
			defaultConfigurationName = Release;
		};
/* End XCConfigurationList section */
	};
	rootObject = ED4612841A77ADC600892F70 /* Project object */;
}
